
Microsoft Visual Studio Solution File, Format Version 12.00
# Visual Studio Version 17
VisualStudioVersion = 17.4.33205.214
MinimumVisualStudioVersion = 10.0.40219.1
Project("{FAE04EC0-301F-11D3-BF4B-00C04F79EFBC}") = "TestDocker", "TestDocker\TestDocker.csproj", "{6CCE78B0-1E07-4E70-A721-BF72B9801D1E}"
EndProject
Global
	GlobalSection(SolutionConfigurationPlatforms) = preSolution
		Debug|Any CPU = Debug|Any CPU
		Release|Any CPU = Release|Any CPU
	EndGlobalSection
	GlobalSection(ProjectConfigurationPlatforms) = postSolution
		{6CCE78B0-1E07-4E70-A721-BF72B9801D1E}.Debug|Any CPU.ActiveCfg = Debug|Any CPU
		{6CCE78B0-1E07-4E70-A721-BF72B9801D1E}.Debug|Any CPU.Build.0 = Debug|Any CPU
		{6CCE78B0-1E07-4E70-A721-BF72B9801D1E}.Release|Any CPU.ActiveCfg = Release|Any CPU
		{6CCE78B0-1E07-4E70-A721-BF72B9801D1E}.Release|Any CPU.Build.0 = Release|Any CPU
	EndGlobalSection
	GlobalSection(SolutionProperties) = preSolution
		HideSolutionNode = FALSE
	EndGlobalSection
	GlobalSection(ExtensibilityGlobals) = postSolution
		SolutionGuid = {796A50F1-3797-4286-9E52-3543AFD3B52D}
	EndGlobalSection
EndGlobal
